
Microsoft Visual Studio Solution File, Format Version 12.00
# Visual Studio Version 16
VisualStudioVersion = 16.0.29102.190
MinimumVisualStudioVersion = 10.0.40219.1
Project("{9A19103F-16F7-4668-BE54-9A1E7A4F7556}") = "StreamIndexingUtils", "StreamIndexingUtils\StreamIndexingUtils.csproj", "{423DBE07-19F1-4B7B-AE6A-80BEE8B9E3CE}"
EndProject
Project("{FAE04EC0-301F-11D3-BF4B-00C04F79EFBC}") = "StreamIndexingUtils.Demo", "StreamIndexingUtils.Demo\StreamIndexingUtils.Demo.csproj", "{8D396400-AC9A-4422-BA97-91BC26B88519}"
EndProject
Global
	GlobalSection(SolutionConfigurationPlatforms) = preSolution
		Debug|Any CPU = Debug|Any CPU
		Release|Any CPU = Release|Any CPU
	EndGlobalSection
	GlobalSection(ProjectConfigurationPlatforms) = postSolution
		{423DBE07-19F1-4B7B-AE6A-80BEE8B9E3CE}.Debug|Any CPU.ActiveCfg = Debug|Any CPU
		{423DBE07-19F1-4B7B-AE6A-80BEE8B9E3CE}.Debug|Any CPU.Build.0 = Debug|Any CPU
		{423DBE07-19F1-4B7B-AE6A-80BEE8B9E3CE}.Release|Any CPU.ActiveCfg = Release|Any CPU
		{423DBE07-19F1-4B7B-AE6A-80BEE8B9E3CE}.Release|Any CPU.Build.0 = Release|Any CPU
		{8D396400-AC9A-4422-BA97-91BC26B88519}.Debug|Any CPU.ActiveCfg = Debug|Any CPU
		{8D396400-AC9A-4422-BA97-91BC26B88519}.Debug|Any CPU.Build.0 = Debug|Any CPU
		{8D396400-AC9A-4422-BA97-91BC26B88519}.Release|Any CPU.ActiveCfg = Release|Any CPU
		{8D396400-AC9A-4422-BA97-91BC26B88519}.Release|Any CPU.Build.0 = Release|Any CPU
	EndGlobalSection
	GlobalSection(SolutionProperties) = preSolution
		HideSolutionNode = FALSE
	EndGlobalSection
	GlobalSection(ExtensibilityGlobals) = postSolution
		SolutionGuid = {C91C9CCF-343C-41DE-A242-D84EC1787284}
	EndGlobalSection
EndGlobal
